
Microsoft Visual Studio Solution File, Format Version 12.00
# Visual Studio Version 17
VisualStudioVersion = 17.7.34009.444
MinimumVisualStudioVersion = 10.0.40219.1
Project("{FAE04EC0-301F-11D3-BF4B-00C04F79EFBC}") = "WpfApp3", "WpfApp3\WpfApp3.csproj", "{330C35DB-620B-4DB5-911B-67BDED20AC7E}"
EndProject
Global
	GlobalSection(SolutionConfigurationPlatforms) = preSolution
		Debug|Any CPU = Debug|Any CPU
		Release|Any CPU = Release|Any CPU
	EndGlobalSection
	GlobalSection(ProjectConfigurationPlatforms) = postSolution
		{330C35DB-620B-4DB5-911B-67BDED20AC7E}.Debug|Any CPU.ActiveCfg = Debug|Any CPU
		{330C35DB-620B-4DB5-911B-67BDED20AC7E}.Debug|Any CPU.Build.0 = Debug|Any CPU
		{330C35DB-620B-4DB5-911B-67BDED20AC7E}.Release|Any CPU.ActiveCfg = Release|Any CPU
		{330C35DB-620B-4DB5-911B-67BDED20AC7E}.Release|Any CPU.Build.0 = Release|Any CPU
	EndGlobalSection
	GlobalSection(SolutionProperties) = preSolution
		HideSolutionNode = FALSE
	EndGlobalSection
	GlobalSection(ExtensibilityGlobals) = postSolution
		SolutionGuid = {14472C36-A984-4A31-8D7D-EFC0EF2F84C3}
	EndGlobalSection
EndGlobal
